github.com/alpkeskin/gotoon v0.1.1 h1:GQOVwMfWKINnfEA6slrXHJaJYDwnUFmrPlXOtnuja1w=
github.com/alpkeskin/gotoon v0.1.1/go.mod h1:XRTz8RM4tz8M2nB37MNRN8rHF4YgeYd8nIXmoU0B0+M=
github.com/go-faker/faker/v4 v4.7.0 h1:VboC02cXHl/NuQh5lM2W8b87yp4iFXIu59x4w0RZi4E=
github.com/go-faker/faker/v4 v4.7.0/go.mod h1:u1dIRP5neLB6kTzgyVjdBOV5R1uP7BdxkcWk7tiKQXk=
github.com/toon-format/toon-go v0.0.0-20251108125615-44b4cd22477f h1:qIMJqAPGPH7S4uVRaHflMfJ/ZenGp7W1tWECmVoJitM=
github.com/toon-format/toon-go v0.0.0-20251108125615-44b4cd22477f/go.mod h1:j/BOnpF2ihnz4lELs99h9mwGJBx/zdleOUCnLLRPCsc=
golang.org/x/text v0.29.0 h1:1neNs90w9YzJ9BocxfsQNHKuAT4pkghyXc4nhZ6sJvk=
golang.org/x/text v0.29.0/go.mod h1:7MhJOA9CD2qZyOKYazxdYMF85OwPdEr9jTtBpO7ydH4=
google.golang.org/protobuf v1.36.10 h1:AYd7cD/uASjIL6Q9LiTjz8JLcrh/88q5UObnmY3aOOE=
google.golang.org/protobuf v1.36.10/go.mod h1:HTf+CrKn2C3g5S8VImy6tdcUvCska2kB7j23XfzDpco=
